
Microsoft Visual Studio Solution File, Format Version 12.00
# Visual Studio 15
VisualStudioVersion = 15.0.27004.2010
MinimumVisualStudioVersion = 10.0.40219.1
Project("{FAE04EC0-301F-11D3-BF4B-00C04F79EFBC}") = "FortranVS", "FortranVS\FortranVS.csproj", "{98AE8675-7AED-4095-9BB7-7B307DD45633}"
EndProject
Project("{FAE04EC0-301F-11D3-BF4B-00C04F79EFBC}") = "FortranVSTests", "FortranVSTests\FortranVSTests.csproj", "{7B00C23D-8C43-4777-95DB-3320491727F0}"
EndProject
Global
	GlobalSection(SolutionConfigurationPlatforms) = preSolution
		Debug|Any CPU = Debug|Any CPU
		Release|Any CPU = Release|Any CPU
	EndGlobalSection
	GlobalSection(ProjectConfigurationPlatforms) = postSolution
		{98AE8675-7AED-4095-9BB7-7B307DD45633}.Debug|Any CPU.ActiveCfg = Debug|Any CPU
		{98AE8675-7AED-4095-9BB7-7B307DD45633}.Debug|Any CPU.Build.0 = Debug|Any CPU
		{98AE8675-7AED-4095-9BB7-7B307DD45633}.Release|Any CPU.ActiveCfg = Release|Any CPU
		{98AE8675-7AED-4095-9BB7-7B307DD45633}.Release|Any CPU.Build.0 = Release|Any CPU
		{7B00C23D-8C43-4777-95DB-3320491727F0}.Debug|Any CPU.ActiveCfg = Debug|Any CPU
		{7B00C23D-8C43-4777-95DB-3320491727F0}.Debug|Any CPU.Build.0 = Debug|Any CPU
		{7B00C23D-8C43-4777-95DB-3320491727F0}.Release|Any CPU.ActiveCfg = Release|Any CPU
		{7B00C23D-8C43-4777-95DB-3320491727F0}.Release|Any CPU.Build.0 = Release|Any CPU
	EndGlobalSection
	GlobalSection(SolutionProperties) = preSolution
		HideSolutionNode = FALSE
	EndGlobalSection
	GlobalSection(ExtensibilityGlobals) = postSolution
		SolutionGuid = {7ACD57D5-AA74-493A-B292-6B6763B86BA4}
	EndGlobalSection
EndGlobal
